
Microsoft Visual Studio Solution File, Format Version 12.00
# Visual Studio 14
VisualStudioVersion = 14.0.25420.1
MinimumVisualStudioVersion = 10.0.40219.1
Project("{FAE04EC0-301F-11D3-BF4B-00C04F79EFBC}") = "ReportDotNet.Core", "ReportDotNet.Core\ReportDotNet.Core.csproj", "{3BE01964-7B8B-40E1-9BC1-8FA13AB274AE}"
EndProject
Project("{FAE04EC0-301F-11D3-BF4B-00C04F79EFBC}") = "ReportDotNet.Docx", "ReportDotNet.Docx\ReportDotNet.Docx.csproj", "{4D668235-EDD3-4C25-9CA7-59878E3D4FFB}"
EndProject
Project("{FAE04EC0-301F-11D3-BF4B-00C04F79EFBC}") = "ReportDotNet.Core.Tests", "ReportDotNet.Core.Tests\ReportDotNet.Core.Tests.csproj", "{92207667-DC9F-4DE8-954D-0067839B89CD}"
EndProject
Project("{FAE04EC0-301F-11D3-BF4B-00C04F79EFBC}") = "ReportDotNet.Web", "ReportDotNet.Web\ReportDotNet.Web.csproj", "{1A239772-5536-431B-9CA8-BFCC5DF986D7}"
EndProject
Global
	GlobalSection(SolutionConfigurationPlatforms) = preSolution
		Debug|Any CPU = Debug|Any CPU
		Release|Any CPU = Release|Any CPU
	EndGlobalSection
	GlobalSection(ProjectConfigurationPlatforms) = postSolution
		{3BE01964-7B8B-40E1-9BC1-8FA13AB274AE}.Debug|Any CPU.ActiveCfg = Debug|Any CPU
		{3BE01964-7B8B-40E1-9BC1-8FA13AB274AE}.Debug|Any CPU.Build.0 = Debug|Any CPU
		{3BE01964-7B8B-40E1-9BC1-8FA13AB274AE}.Release|Any CPU.ActiveCfg = Release|Any CPU
		{3BE01964-7B8B-40E1-9BC1-8FA13AB274AE}.Release|Any CPU.Build.0 = Release|Any CPU
		{4D668235-EDD3-4C25-9CA7-59878E3D4FFB}.Debug|Any CPU.ActiveCfg = Debug|Any CPU
		{4D668235-EDD3-4C25-9CA7-59878E3D4FFB}.Debug|Any CPU.Build.0 = Debug|Any CPU
		{4D668235-EDD3-4C25-9CA7-59878E3D4FFB}.Release|Any CPU.ActiveCfg = Release|Any CPU
		{4D668235-EDD3-4C25-9CA7-59878E3D4FFB}.Release|Any CPU.Build.0 = Release|Any CPU
		{92207667-DC9F-4DE8-954D-0067839B89CD}.Debug|Any CPU.ActiveCfg = Debug|Any CPU
		{92207667-DC9F-4DE8-954D-0067839B89CD}.Debug|Any CPU.Build.0 = Debug|Any CPU
		{92207667-DC9F-4DE8-954D-0067839B89CD}.Release|Any CPU.ActiveCfg = Release|Any CPU
		{92207667-DC9F-4DE8-954D-0067839B89CD}.Release|Any CPU.Build.0 = Release|Any CPU
		{1A239772-5536-431B-9CA8-BFCC5DF986D7}.Debug|Any CPU.ActiveCfg = Debug|Any CPU
		{1A239772-5536-431B-9CA8-BFCC5DF986D7}.Debug|Any CPU.Build.0 = Debug|Any CPU
		{1A239772-5536-431B-9CA8-BFCC5DF986D7}.Release|Any CPU.ActiveCfg = Release|Any CPU
		{1A239772-5536-431B-9CA8-BFCC5DF986D7}.Release|Any CPU.Build.0 = Release|Any CPU
	EndGlobalSection
	GlobalSection(SolutionProperties) = preSolution
		HideSolutionNode = FALSE
	EndGlobalSection
EndGlobal
